
Microsoft Visual Studio Solution File, Format Version 12.00
# Visual Studio Version 17
VisualStudioVersion = 17.9.34616.47
MinimumVisualStudioVersion = 10.0.40219.1
Project("{8BC9CEB8-8B4A-11D0-8D11-00A0C91BC942}") = "PraktikumPertemuanKe4", "PraktikumPertemuanKe4.vcxproj", "{E108766D-E033-4F6C-94D9-42AE2961DA23}"
EndProject
Project("{8BC9CEB8-8B4A-11D0-8D11-00A0C91BC942}") = "Contohke2", "..\Contohke2\Contohke2.vcxproj", "{E3DD517F-BAB1-48C4-8FC0-EFC03B318D6E}"
EndProject
Project("{8BC9CEB8-8B4A-11D0-8D11-00A0C91BC942}") = "Contohke3", "..\Contohke3\Contohke3.vcxproj", "{4864658F-3800-432E-AE6A-5555D843388D}"
EndProject
Project("{8BC9CEB8-8B4A-11D0-8D11-00A0C91BC942}") = "Contohke4", "..\Contohke4\Contohke4.vcxproj", "{220516BD-7E2B-42B9-8235-EEC21530596B}"
EndProject
Global
	GlobalSection(SolutionConfigurationPlatforms) = preSolution
		Debug|x64 = Debug|x64
		Debug|x86 = Debug|x86
		Release|x64 = Release|x64
		Release|x86 = Release|x86
	EndGlobalSection
	GlobalSection(ProjectConfigurationPlatforms) = postSolution
		{E108766D-E033-4F6C-94D9-42AE2961DA23}.Debug|x64.ActiveCfg = Debug|x64
		{E108766D-E033-4F6C-94D9-42AE2961DA23}.Debug|x64.Build.0 = Debug|x64
		{E108766D-E033-4F6C-94D9-42AE2961DA23}.Debug|x86.ActiveCfg = Debug|Win32
		{E108766D-E033-4F6C-94D9-42AE2961DA23}.Debug|x86.Build.0 = Debug|Win32
		{E108766D-E033-4F6C-94D9-42AE2961DA23}.Release|x64.ActiveCfg = Release|x64
		{E108766D-E033-4F6C-94D9-42AE2961DA23}.Release|x64.Build.0 = Release|x64
		{E108766D-E033-4F6C-94D9-42AE2961DA23}.Release|x86.ActiveCfg = Release|Win32
		{E108766D-E033-4F6C-94D9-42AE2961DA23}.Release|x86.Build.0 = Release|Win32
		{E3DD517F-BAB1-48C4-8FC0-EFC03B318D6E}.Debug|x64.ActiveCfg = Debug|x64
		{E3DD517F-BAB1-48C4-8FC0-EFC03B318D6E}.Debug|x64.Build.0 = Debug|x64
		{E3DD517F-BAB1-48C4-8FC0-EFC03B318D6E}.Debug|x86.ActiveCfg = Debug|Win32
		{E3DD517F-BAB1-48C4-8FC0-EFC03B318D6E}.Debug|x86.Build.0 = Debug|Win32
		{E3DD517F-BAB1-48C4-8FC0-EFC03B318D6E}.Release|x64.ActiveCfg = Release|x64
		{E3DD517F-BAB1-48C4-8FC0-EFC03B318D6E}.Release|x64.Build.0 = Release|x64
		{E3DD517F-BAB1-48C4-8FC0-EFC03B318D6E}.Release|x86.ActiveCfg = Release|Win32
		{E3DD517F-BAB1-48C4-8FC0-EFC03B318D6E}.Release|x86.Build.0 = Release|Win32
		{4864658F-3800-432E-AE6A-5555D843388D}.Debug|x64.ActiveCfg = Debug|x64
		{4864658F-3800-432E-AE6A-5555D843388D}.Debug|x64.Build.0 = Debug|x64
		{4864658F-3800-432E-AE6A-5555D843388D}.Debug|x86.ActiveCfg = Debug|Win32
		{4864658F-3800-432E-AE6A-5555D843388D}.Debug|x86.Build.0 = Debug|Win32
		{4864658F-3800-432E-AE6A-5555D843388D}.Release|x64.ActiveCfg = Release|x64
		{4864658F-3800-432E-AE6A-5555D843388D}.Release|x64.Build.0 = Release|x64
		{4864658F-3800-432E-AE6A-5555D843388D}.Release|x86.ActiveCfg = Release|Win32
		{4864658F-3800-432E-AE6A-5555D843388D}.Release|x86.Build.0 = Release|Win32
		{220516BD-7E2B-42B9-8235-EEC21530596B}.Debug|x64.ActiveCfg = Debug|x64
		{220516BD-7E2B-42B9-8235-EEC21530596B}.Debug|x64.Build.0 = Debug|x64
		{220516BD-7E2B-42B9-8235-EEC21530596B}.Debug|x86.ActiveCfg = Debug|Win32
		{220516BD-7E2B-42B9-8235-EEC21530596B}.Debug|x86.Build.0 = Debug|Win32
		{220516BD-7E2B-42B9-8235-EEC21530596B}.Release|x64.ActiveCfg = Release|x64
		{220516BD-7E2B-42B9-8235-EEC21530596B}.Release|x64.Build.0 = Release|x64
		{220516BD-7E2B-42B9-8235-EEC21530596B}.Release|x86.ActiveCfg = Release|Win32
		{220516BD-7E2B-42B9-8235-EEC21530596B}.Release|x86.Build.0 = Release|Win32
	EndGlobalSection
	GlobalSection(SolutionProperties) = preSolution
		HideSolutionNode = FALSE
	EndGlobalSection
	GlobalSection(ExtensibilityGlobals) = postSolution
		SolutionGuid = {81F810D5-3BA5-4A9C-A86A-B4EAA9F42EFE}
	EndGlobalSection
EndGlobal
